
Microsoft Visual Studio Solution File, Format Version 12.00
# Visual Studio Version 17
VisualStudioVersion = 17.8.34330.188
MinimumVisualStudioVersion = 10.0.40219.1
Project("{9A19103F-16F7-4668-BE54-9A1E7A4F7556}") = "wsLibreria", "Libreria\wsLibreria.csproj", "{7EC7A919-F792-487C-B208-6EEAED856327}"
EndProject
Global
	GlobalSection(SolutionConfigurationPlatforms) = preSolution
		Debug|Any CPU = Debug|Any CPU
		Release|Any CPU = Release|Any CPU
	EndGlobalSection
	GlobalSection(ProjectConfigurationPlatforms) = postSolution
		{7EC7A919-F792-487C-B208-6EEAED856327}.Debug|Any CPU.ActiveCfg = Debug|Any CPU
		{7EC7A919-F792-487C-B208-6EEAED856327}.Debug|Any CPU.Build.0 = Debug|Any CPU
		{7EC7A919-F792-487C-B208-6EEAED856327}.Release|Any CPU.ActiveCfg = Release|Any CPU
		{7EC7A919-F792-487C-B208-6EEAED856327}.Release|Any CPU.Build.0 = Release|Any CPU
	EndGlobalSection
	GlobalSection(SolutionProperties) = preSolution
		HideSolutionNode = FALSE
	EndGlobalSection
	GlobalSection(ExtensibilityGlobals) = postSolution
		SolutionGuid = {7E447BFF-C338-406E-83BB-9B11A9578E74}
	EndGlobalSection
EndGlobal
